
Microsoft Visual Studio Solution File, Format Version 12.00
Project("{FAE04EC0-301F-11D3-BF4B-00C04F79EFBC}") = "NeogrokCodec", "NeogrokCodec\NeogrokCodec.csproj", "{C9ACD90D-1660-478E-8E9E-974C0CA3E5C3}"
EndProject
Global
	GlobalSection(SolutionConfigurationPlatforms) = preSolution
		Debug|Any CPU = Debug|Any CPU
		Release|Any CPU = Release|Any CPU
	EndGlobalSection
	GlobalSection(ProjectConfigurationPlatforms) = postSolution
		{C9ACD90D-1660-478E-8E9E-974C0CA3E5C3}.Debug|Any CPU.ActiveCfg = Debug|Any CPU
		{C9ACD90D-1660-478E-8E9E-974C0CA3E5C3}.Debug|Any CPU.Build.0 = Debug|Any CPU
		{C9ACD90D-1660-478E-8E9E-974C0CA3E5C3}.Release|Any CPU.ActiveCfg = Release|Any CPU
		{C9ACD90D-1660-478E-8E9E-974C0CA3E5C3}.Release|Any CPU.Build.0 = Release|Any CPU
	EndGlobalSection
EndGlobal
